schema: '2.0'
stages:
  prepare_data:
    cmd: python -m src.prepare_data
    deps:
    - path: config.ini
      hash: md5
      md5: a1abcbc9eaf2b92725aff3d2b7a88e45
      size: 230
    - path: data/raw/data.csv
      hash: md5
      md5: 6165d90b8708bb1c1dd14245cc6bef46
      size: 125204
    - path: src/__init__.py
      hash: md5
      md5: d41d8cd98f00b204e9800998ecf8427e
      size: 0
    - path: src/prepare_data.py
      hash: md5
      md5: 06f55078ba007ab2d4d2247f85d7f834
      size: 1586
    outs:
    - path: data/processed
      hash: md5
      md5: 638b5c1a4d985e6d11c5cdfede06f8c2.dir
      size: 122959
      nfiles: 4
  train:
    cmd: python -m src.train
    deps:
    - path: config.ini
      hash: md5
      md5: a1abcbc9eaf2b92725aff3d2b7a88e45
      size: 230
    - path: data/processed
      hash: md5
      md5: 638b5c1a4d985e6d11c5cdfede06f8c2.dir
      size: 122959
      nfiles: 4
    - path: src/__init__.py
      hash: md5
      md5: d41d8cd98f00b204e9800998ecf8427e
      size: 0
    - path: src/train.py
      hash: md5
      md5: 1e1ce0de1ddb5530df16b0751ac05392
      size: 1297
    outs:
    - path: experiments/feature_names.json
      hash: md5
      md5: a69c2a0e20a9f18198393f972acdcc30
      size: 545
    - path: experiments/model.joblib
      hash: md5
      md5: cc27c558d7539d4ee171ac2965494d5f
      size: 2031
